<?xml version="1.0" encoding="utf-8"?>
<Project ToolsVersion="4.0" xmlns="http://schemas.microsoft.com/developer/msbuild/2003">
  <ItemGroup>
    <Filter Include="Source Files">
      <UniqueIdentifier>{4FC737F1-C7A5-4376-A066-2A32D752A2FF}</UniqueIdentifier>
      <Extensions>cpp;c;cc;cxx;def;odl;idl;hpj;bat;asm;asmx</Extensions>
    </Filter>
    <Filter Include="Shaders">
      <UniqueIdentifier>{12a47348-9a6e-404a-8d7e-2ffa91eb59f6}</UniqueIdentifier>
    </Filter>
    <Filter Include="imgui">
      <UniqueIdentifier>{be1c5e8b-3da8-4bdb-a855-6f3a8d0e7b61}</UniqueIdentifier>
    </Filter>
    <Filter Include="Inc FIles">
      <UniqueIdentifier>{a592e1ae-28c7-4afb-ad13-5eb0a01d63ad}</UniqueIdentifier>
    </Filter>
  </ItemGroup>
  <ItemGroup>
    <None Include="Shaders\Sprite.frag">
      <Filter>Shaders</Filter>
    </None>
    <None Include="Shaders\Sprite.vert">
      <Filter>Shaders</Filter>
    </None>
    <None Include="Shaders\BasicMesh.frag">
      <Filter>Shaders</Filter>
    </None>
    <None Include="Shaders\BasicMesh.vert">
      <Filter>Shaders</Filter>
    </None>
    <None Include="Shaders\Phong.frag">
      <Filter>Shaders</Filter>
    </None>
    <None Include="Shaders\Phong.vert">
      <Filter>Shaders</Filter>
    </None>
    <None Include="Shaders\GBufferGlobal.frag">
      <Filter>Shaders</Filter>
    </None>
    <None Include="Shaders\GBufferGlobal.vert">
      <Filter>Shaders</Filter>
    </None>
    <None Include="Shaders\GBufferPointLight.frag">
      <Filter>Shaders</Filter>
    </None>
    <None Include="Shaders\GBufferWrite.frag">
      <Filter>Shaders</Filter>
    </None>
    <None Include="Shaders\Skinned.vert">
      <Filter>Shaders</Filter>
    </None>
    <None Include="imgui\imgui.ini">
      <Filter>Inc FIles</Filter>
    </None>
    <None Include="Shaders\Line.frag">
      <Filter>Inc FIles</Filter>
    </None>
    <None Include="Shaders\Line.vert">
      <Filter>Inc FIles</Filter>
    </None>
    <None Include="Shaders\SkyBox.frag">
      <Filter>Inc FIles</Filter>
    </None>
    <None Include="Shaders\SkyBox.vert">
      <Filter>Inc FIles</Filter>
    </None>
    <None Include="Script\Shaders\BasicMesh.frag" />
    <None Include="Script\Shaders\BasicMesh.vert" />
    <None Include="Script\Shaders\GBufferGlobal.frag" />
    <None Include="Script\Shaders\GBufferGlobal.vert" />
    <None Include="Script\Shaders\GBufferPointLight.frag" />
    <None Include="Script\Shaders\GBufferWrite.frag" />
    <None Include="Script\Shaders\Line.frag" />
    <None Include="Script\Shaders\Line.vert" />
    <None Include="Script\Shaders\Phong.frag" />
    <None Include="Script\Shaders\Phong.vert" />
    <None Include="Script\Shaders\Skinned.vert" />
    <None Include="Script\Shaders\SkyBox.frag" />
    <None Include="Script\Shaders\SkyBox.vert" />
    <None Include="Script\Shaders\Sprite.frag" />
    <None Include="Script\Shaders\Sprite.vert" />
    <None Include="Script\Shaders\UIMesh.frag" />
    <None Include="Script\Shaders\UIMesh.vert" />
    <None Include="Script\Shaders\TessellationControl.vert" />
    <None Include="Script\Shaders\TessellationEvaluation.vert" />
    <None Include="Script\Shaders\Tessellation.frag" />
    <None Include="Script\Shaders\Tessellation.vert" />
  </ItemGroup>
  <ItemGroup>
    <ClCompile Include="imgui\imgui.cpp">
      <Filter>Source Files</Filter>
    </ClCompile>
    <ClCompile Include="imgui\imgui_demo.cpp">
      <Filter>Source Files</Filter>
    </ClCompile>
    <ClCompile Include="imgui\imgui_draw.cpp">
      <Filter>Source Files</Filter>
    </ClCompile>
    <ClCompile Include="imgui\imgui_impl_opengl3.cpp">
      <Filter>Source Files</Filter>
    </ClCompile>
    <ClCompile Include="imgui\imgui_tables.cpp">
      <Filter>Source Files</Filter>
    </ClCompile>
    <ClCompile Include="imgui\imgui_widgets.cpp">
      <Filter>Source Files</Filter>
    </ClCompile>
    <ClCompile Include="Script\UI\DialogBox.cpp">
      <Filter>Source Files</Filter>
    </ClCompile>
    <ClCompile Include="Script\UI\Font.cpp">
      <Filter>Source Files</Filter>
    </ClCompile>
    <ClCompile Include="Script\UI\HUD.cpp">
      <Filter>Source Files</Filter>
    </ClCompile>
    <ClCompile Include="Script\UI\ItemMenu.cpp">
      <Filter>Source Files</Filter>
    </ClCompile>
    <ClCompile Include="Script\UI\MainmenuUI.cpp">
      <Filter>Source Files</Filter>
    </ClCompile>
    <ClCompile Include="Script\UI\PauseMenu.cpp">
      <Filter>Source Files</Filter>
    </ClCompile>
    <ClCompile Include="Script\UI\Search.cpp">
      <Filter>Source Files</Filter>
    </ClCompile>
    <ClCompile Include="Script\UI\Texture.cpp">
      <Filter>Source Files</Filter>
    </ClCompile>
    <ClCompile Include="Script\UI\UIScreen.cpp">
      <Filter>Source Files</Filter>
    </ClCompile>
    <ClCompile Include="Script\System\AudioSystem.cpp">
      <Filter>Source Files</Filter>
    </ClCompile>
    <ClCompile Include="Script\System\Collision.cpp">
      <Filter>Source Files</Filter>
    </ClCompile>
    <ClCompile Include="Script\System\GameClear.cpp">
      <Filter>Source Files</Filter>
    </ClCompile>
    <ClCompile Include="Script\System\GameOver.cpp">
      <Filter>Source Files</Filter>
    </ClCompile>
    <ClCompile Include="Script\System\LevelLoader.cpp">
      <Filter>Source Files</Filter>
    </ClCompile>
    <ClCompile Include="Script\System\Maths.cpp">
      <Filter>Source Files</Filter>
    </ClCompile>
    <ClCompile Include="Script\System\PhysWorld.cpp">
      <Filter>Source Files</Filter>
    </ClCompile>
    <ClCompile Include="Script\System\Random.cpp">
      <Filter>Source Files</Filter>
    </ClCompile>
    <ClCompile Include="Script\System\SoundEvent.cpp">
      <Filter>Source Files</Filter>
    </ClCompile>
    <ClCompile Include="Script\Graphics\GBuffer.cpp">
      <Filter>Source Files</Filter>
    </ClCompile>
    <ClCompile Include="Script\Graphics\Mesh.cpp">
      <Filter>Source Files</Filter>
    </ClCompile>
    <ClCompile Include="Script\Graphics\PointLightComponent.cpp">
      <Filter>Source Files</Filter>
    </ClCompile>
    <ClCompile Include="Script\Graphics\Renderer.cpp">
      <Filter>Source Files</Filter>
    </ClCompile>
    <ClCompile Include="Script\Graphics\Shader.cpp">
      <Filter>Source Files</Filter>
    </ClCompile>
    <ClCompile Include="Script\Graphics\SkeletalMeshComponent.cpp">
      <Filter>Source Files</Filter>
    </ClCompile>
    <ClCompile Include="Script\Graphics\SpriteComponent.cpp">
      <Filter>Source Files</Filter>
    </ClCompile>
    <ClCompile Include="Script\Graphics\VertexArray.cpp">
      <Filter>Source Files</Filter>
    </ClCompile>
    <ClCompile Include="Script\Core\Game.cpp">
      <Filter>Source Files</Filter>
    </ClCompile>
    <ClCompile Include="Script\Core\Main.cpp">
      <Filter>Source Files</Filter>
    </ClCompile>
    <ClCompile Include="Script\Component\Animation.cpp">
      <Filter>Source Files</Filter>
    </ClCompile>
    <ClCompile Include="Script\Component\ArrowMove.cpp">
      <Filter>Source Files</Filter>
    </ClCompile>
    <ClCompile Include="Script\Component\AudioComponent.cpp">
      <Filter>Source Files</Filter>
    </ClCompile>
    <ClCompile Include="Script\Component\BombMove.cpp">
      <Filter>Source Files</Filter>
    </ClCompile>
    <ClCompile Include="Script\Component\BoxComponent.cpp">
      <Filter>Source Files</Filter>
    </ClCompile>
    <ClCompile Include="Script\Component\CameraComponent.cpp">
      <Filter>Source Files</Filter>
    </ClCompile>
    <ClCompile Include="Script\Component\Component.cpp">
      <Filter>Source Files</Filter>
    </ClCompile>
    <ClCompile Include="Script\Component\FollowCamera.cpp">
      <Filter>Source Files</Filter>
    </ClCompile>
    <ClCompile Include="Script\Component\FPSCamera.cpp">
      <Filter>Source Files</Filter>
    </ClCompile>
    <ClCompile Include="Script\Component\MoveComponent.cpp">
      <Filter>Source Files</Filter>
    </ClCompile>
    <ClCompile Include="Script\Component\Skeleton.cpp">
      <Filter>Source Files</Filter>
    </ClCompile>
    <ClCompile Include="Script\Component\TargetComponent.cpp">
      <Filter>Source Files</Filter>
    </ClCompile>
    <ClCompile Include="Script\Actors\Actor.cpp">
      <Filter>Source Files</Filter>
    </ClCompile>
    <ClCompile Include="Script\Actors\ArrowActor.cpp">
      <Filter>Source Files</Filter>
    </ClCompile>
    <ClCompile Include="Script\Actors\BombActor.cpp">
      <Filter>Source Files</Filter>
    </ClCompile>
    <ClCompile Include="Script\Actors\BoneTransform.cpp">
      <Filter>Source Files</Filter>
    </ClCompile>
    <ClCompile Include="Script\Actors\BossActor.cpp">
      <Filter>Source Files</Filter>
    </ClCompile>
    <ClCompile Include="Script\Actors\BowActor.cpp">
      <Filter>Source Files</Filter>
    </ClCompile>
    <ClCompile Include="Script\Actors\DropItemActor.cpp">
      <Filter>Source Files</Filter>
    </ClCompile>
    <ClCompile Include="Script\Actors\EffectActor.cpp">
      <Filter>Source Files</Filter>
    </ClCompile>
    <ClCompile Include="Script\Actors\EnemyActor.cpp">
      <Filter>Source Files</Filter>
    </ClCompile>
    <ClCompile Include="Script\Actors\ExplosionActor.cpp">
      <Filter>Source Files</Filter>
    </ClCompile>
    <ClCompile Include="Script\Actors\FollowActor.cpp">
      <Filter>Source Files</Filter>
    </ClCompile>
    <ClCompile Include="Script\Actors\ItemActorBase.cpp">
      <Filter>Source Files</Filter>
    </ClCompile>
    <ClCompile Include="Script\Actors\PlaneActor.cpp">
      <Filter>Source Files</Filter>
    </ClCompile>
    <ClCompile Include="Script\Actors\SwordActor.cpp">
      <Filter>Source Files</Filter>
    </ClCompile>
    <ClCompile Include="Script\Actors\TorchItemActor.cpp">
      <Filter>Source Files</Filter>
    </ClCompile>
    <ClCompile Include="Script\Graphics\MeshComponent.cpp">
      <Filter>Source Files</Filter>
    </ClCompile>
    <ClCompile Include="Script\Actors\UIActor.cpp">
      <Filter>Source Files</Filter>
    </ClCompile>
    <ClCompile Include="Script\Graphics\UIMeshComponent.cpp">
      <Filter>Source Files</Filter>
    </ClCompile>
    <ClCompile Include="Script\UI\Tutorial.cpp">
      <Filter>Source Files</Filter>
    </ClCompile>
    <ClCompile Include="Script\Graphics\perlinNoise.cpp">
      <Filter>Source Files</Filter>
    </ClCompile>
    <ClCompile Include="Script\Graphics\Terrain.cpp">
      <Filter>Source Files</Filter>
    </ClCompile>
    <ClCompile Include="imgui\imgui_impl_sdl2.cpp">
      <Filter>Source Files</Filter>
    </ClCompile>
    <ClCompile Include="Script\Actors\ReactActor.cpp">
      <Filter>Source Files</Filter>
    </ClCompile>
    <ClCompile Include="Script\Actors\SmokeActor.cpp">
      <Filter>Source Files</Filter>
    </ClCompile>
  </ItemGroup>
  <ItemGroup>
    <ClInclude Include="imgui\imconfig.h">
      <Filter>Inc FIles</Filter>
    </ClInclude>
    <ClInclude Include="imgui\imgui.h">
      <Filter>Inc FIles</Filter>
    </ClInclude>
    <ClInclude Include="imgui\imgui_impl_opengl3.h">
      <Filter>Inc FIles</Filter>
    </ClInclude>
    <ClInclude Include="imgui\imgui_impl_sdl2.h">
      <Filter>Inc FIles</Filter>
    </ClInclude>
    <ClInclude Include="imgui\imgui_internal.h">
      <Filter>Inc FIles</Filter>
    </ClInclude>
    <ClInclude Include="imgui\imstb_rectpack.h">
      <Filter>Inc FIles</Filter>
    </ClInclude>
    <ClInclude Include="imgui\imstb_textedit.h">
      <Filter>Inc FIles</Filter>
    </ClInclude>
    <ClInclude Include="imgui\imstb_truetype.h">
      <Filter>Inc FIles</Filter>
    </ClInclude>
    <ClInclude Include="Script\UI\DialogBox.h" />
    <ClInclude Include="Script\UI\Font.h" />
    <ClInclude Include="Script\UI\HUD.h" />
    <ClInclude Include="Script\UI\ItemMenu.h" />
    <ClInclude Include="Script\UI\MainmenuUI.h" />
    <ClInclude Include="Script\UI\PauseMenu.h" />
    <ClInclude Include="Script\UI\Texture.h" />
    <ClInclude Include="Script\UI\UIScreen.h" />
    <ClInclude Include="Script\System\AudioSystem.h" />
    <ClInclude Include="Script\System\Collision.h" />
    <ClInclude Include="Script\System\GameClear.h" />
    <ClInclude Include="Script\System\GameOver.h" />
    <ClInclude Include="Script\System\LevelLoader.h" />
    <ClInclude Include="Script\System\Maths.h" />
    <ClInclude Include="Script\System\MatrixPalette.h" />
    <ClInclude Include="Script\System\PhysWorld.h" />
    <ClInclude Include="Script\System\Random.h" />
    <ClInclude Include="Script\System\SoundEvent.h" />
    <ClInclude Include="Script\Graphics\GBuffer.h" />
    <ClInclude Include="Script\Graphics\Mesh.h" />
    <ClInclude Include="Script\Graphics\PointLightComponent.h" />
    <ClInclude Include="Script\Graphics\Renderer.h" />
    <ClInclude Include="Script\Graphics\Shader.h" />
    <ClInclude Include="Script\Graphics\SkeletalMeshComponent.h" />
    <ClInclude Include="Script\Graphics\SpriteComponent.h" />
    <ClInclude Include="Script\Graphics\VertexArray.h" />
    <ClInclude Include="Script\Core\Game.h" />
    <ClInclude Include="Script\Component\Animation.h" />
    <ClInclude Include="Script\Component\ArrowMove.h" />
    <ClInclude Include="Script\Component\AudioComponent.h" />
    <ClInclude Include="Script\Component\BombMove.h" />
    <ClInclude Include="Script\Component\BoxComponent.h" />
    <ClInclude Include="Script\Component\CameraComponent.h" />
    <ClInclude Include="Script\Component\Component.h" />
    <ClInclude Include="Script\Component\FollowCamera.h" />
    <ClInclude Include="Script\Component\FPSCamera.h" />
    <ClInclude Include="Script\Component\MoveComponent.h" />
    <ClInclude Include="Script\Component\Skeleton.h" />
    <ClInclude Include="Script\Component\TargetComponent.h" />
    <ClInclude Include="Script\Actors\Actor.h" />
    <ClInclude Include="Script\Actors\ArrowActor.h" />
    <ClInclude Include="Script\Actors\BombActor.h" />
    <ClInclude Include="Script\Actors\BoneTransform.h" />
    <ClInclude Include="Script\Actors\BossActor.h" />
    <ClInclude Include="Script\Actors\BowActor.h" />
    <ClInclude Include="Script\Actors\DropItemActor.h" />
    <ClInclude Include="Script\Actors\EffectActor.h" />
    <ClInclude Include="Script\Actors\EnemyActor.h" />
    <ClInclude Include="Script\Actors\ExplosionActor.h" />
    <ClInclude Include="Script\Actors\FollowActor.h" />
    <ClInclude Include="Script\Actors\ItemActorBase.h" />
    <ClInclude Include="Script\Actors\PlaneActor.h" />
    <ClInclude Include="Script\Actors\ReactActor.h" />
    <ClInclude Include="Script\Actors\SmokeActor.h" />
    <ClInclude Include="Script\Actors\SwordActor.h" />
    <ClInclude Include="Script\Actors\TorchItemActor.h" />
    <ClInclude Include="Script\Graphics\MeshComponent.h" />
    <ClInclude Include="Script\Actors\UIActor.h" />
    <ClInclude Include="Script\Graphics\UIMeshComponent.h" />
    <ClInclude Include="Script\UI\Tutorial.h" />
    <ClInclude Include="Script\Graphics\perlinNoise.h" />
    <ClInclude Include="Script\Graphics\Terrain.h" />
  </ItemGroup>
</Project>