<?xml version="1.0" encoding="utf-8"?>
<Project ToolsVersion="4.0" xmlns="http://schemas.microsoft.com/developer/msbuild/2003">
  <ItemGroup>
    <Filter Include="Source Files">
      <UniqueIdentifier>{4FC737F1-C7A5-4376-A066-2A32D752A2FF}</UniqueIdentifier>
      <Extensions>cpp;c;cc;cxx;def;odl;idl;hpj;bat;asm;asmx</Extensions>
    </Filter>
    <Filter Include="Shaders">
      <UniqueIdentifier>{12a47348-9a6e-404a-8d7e-2ffa91eb59f6}</UniqueIdentifier>
    </Filter>
    <Filter Include="imgui">
      <UniqueIdentifier>{be1c5e8b-3da8-4bdb-a855-6f3a8d0e7b61}</UniqueIdentifier>
    </Filter>
  </ItemGroup>
  <ItemGroup>
    <None Include="Shaders\Sprite.frag">
      <Filter>Shaders</Filter>
    </None>
    <None Include="Shaders\Sprite.vert">
      <Filter>Shaders</Filter>
    </None>
    <None Include="Shaders\BasicMesh.frag">
      <Filter>Shaders</Filter>
    </None>
    <None Include="Shaders\BasicMesh.vert">
      <Filter>Shaders</Filter>
    </None>
    <None Include="Shaders\Phong.frag">
      <Filter>Shaders</Filter>
    </None>
    <None Include="Shaders\Phong.vert">
      <Filter>Shaders</Filter>
    </None>
    <None Include="Shaders\GBufferGlobal.frag">
      <Filter>Shaders</Filter>
    </None>
    <None Include="Shaders\GBufferGlobal.vert">
      <Filter>Shaders</Filter>
    </None>
    <None Include="Shaders\GBufferPointLight.frag">
      <Filter>Shaders</Filter>
    </None>
    <None Include="Shaders\GBufferWrite.frag">
      <Filter>Shaders</Filter>
    </None>
    <None Include="Shaders\Skinned.vert">
      <Filter>Shaders</Filter>
    </None>
    <None Include="Shaders\SkyBox.frag" />
    <None Include="Shaders\SkyBox.vert" />
  </ItemGroup>
  <ItemGroup>
    <ClCompile Include="Actor.cpp">
      <Filter>Source Files</Filter>
    </ClCompile>
    <ClCompile Include="Animation.cpp">
      <Filter>Source Files</Filter>
    </ClCompile>
    <ClCompile Include="AudioComponent.cpp">
      <Filter>Source Files</Filter>
    </ClCompile>
    <ClCompile Include="AudioSystem.cpp">
      <Filter>Source Files</Filter>
    </ClCompile>
    <ClCompile Include="BoneTransform.cpp">
      <Filter>Source Files</Filter>
    </ClCompile>
    <ClCompile Include="BossActor.cpp">
      <Filter>Source Files</Filter>
    </ClCompile>
    <ClCompile Include="BoxComponent.cpp">
      <Filter>Source Files</Filter>
    </ClCompile>
    <ClCompile Include="CameraComponent.cpp">
      <Filter>Source Files</Filter>
    </ClCompile>
    <ClCompile Include="Collision.cpp">
      <Filter>Source Files</Filter>
    </ClCompile>
    <ClCompile Include="Component.cpp">
      <Filter>Source Files</Filter>
    </ClCompile>
    <ClCompile Include="DialogBox.cpp">
      <Filter>Source Files</Filter>
    </ClCompile>
    <ClCompile Include="EnemyActor.cpp">
      <Filter>Source Files</Filter>
    </ClCompile>
    <ClCompile Include="FollowActor.cpp">
      <Filter>Source Files</Filter>
    </ClCompile>
    <ClCompile Include="FollowCamera.cpp">
      <Filter>Source Files</Filter>
    </ClCompile>
    <ClCompile Include="Font.cpp">
      <Filter>Source Files</Filter>
    </ClCompile>
    <ClCompile Include="Game.cpp">
      <Filter>Source Files</Filter>
    </ClCompile>
    <ClCompile Include="GameClear.cpp">
      <Filter>Source Files</Filter>
    </ClCompile>
    <ClCompile Include="GameOver.cpp">
      <Filter>Source Files</Filter>
    </ClCompile>
    <ClCompile Include="GBuffer.cpp">
      <Filter>Source Files</Filter>
    </ClCompile>
    <ClCompile Include="HUD.cpp">
      <Filter>Source Files</Filter>
    </ClCompile>
    <ClCompile Include="LevelLoader.cpp">
      <Filter>Source Files</Filter>
    </ClCompile>
    <ClCompile Include="Main.cpp">
      <Filter>Source Files</Filter>
    </ClCompile>
    <ClCompile Include="MainmenuUI.cpp">
      <Filter>Source Files</Filter>
    </ClCompile>
    <ClCompile Include="Math.cpp">
      <Filter>Source Files</Filter>
    </ClCompile>
    <ClCompile Include="Mesh.cpp">
      <Filter>Source Files</Filter>
    </ClCompile>
    <ClCompile Include="MeshComponent.cpp">
      <Filter>Source Files</Filter>
    </ClCompile>
    <ClCompile Include="MoveComponent.cpp">
      <Filter>Source Files</Filter>
    </ClCompile>
    <ClCompile Include="PauseMenu.cpp">
      <Filter>Source Files</Filter>
    </ClCompile>
    <ClCompile Include="PhysWorld.cpp">
      <Filter>Source Files</Filter>
    </ClCompile>
    <ClCompile Include="PlaneActor.cpp">
      <Filter>Source Files</Filter>
    </ClCompile>
    <ClCompile Include="PointLightComponent.cpp">
      <Filter>Source Files</Filter>
    </ClCompile>
    <ClCompile Include="Random.cpp">
      <Filter>Source Files</Filter>
    </ClCompile>
    <ClCompile Include="ReactActor.cpp">
      <Filter>Source Files</Filter>
    </ClCompile>
    <ClCompile Include="Renderer.cpp">
      <Filter>Source Files</Filter>
    </ClCompile>
    <ClCompile Include="Search.cpp">
      <Filter>Source Files</Filter>
    </ClCompile>
    <ClCompile Include="Shader.cpp">
      <Filter>Source Files</Filter>
    </ClCompile>
    <ClCompile Include="SkeletalMeshComponent.cpp">
      <Filter>Source Files</Filter>
    </ClCompile>
    <ClCompile Include="Skeleton.cpp">
      <Filter>Source Files</Filter>
    </ClCompile>
    <ClCompile Include="SoundEvent.cpp">
      <Filter>Source Files</Filter>
    </ClCompile>
    <ClCompile Include="SpriteComponent.cpp">
      <Filter>Source Files</Filter>
    </ClCompile>
    <ClCompile Include="TargetComponent.cpp">
      <Filter>Source Files</Filter>
    </ClCompile>
    <ClCompile Include="Texture.cpp">
      <Filter>Source Files</Filter>
    </ClCompile>
    <ClCompile Include="UIScreen.cpp">
      <Filter>Source Files</Filter>
    </ClCompile>
    <ClCompile Include="VertexArray.cpp">
      <Filter>Source Files</Filter>
    </ClCompile>
    <ClCompile Include="SmokeActor.cpp">
      <Filter>Source Files</Filter>
    </ClCompile>
    <ClCompile Include="ItemMenu.cpp">
      <Filter>Source Files</Filter>
    </ClCompile>
    <ClCompile Include="DropItemActor.cpp">
      <Filter>Source Files</Filter>
    </ClCompile>
    <ClCompile Include="TorchItemActor.cpp">
      <Filter>Source Files</Filter>
    </ClCompile>
    <ClCompile Include="FPSCamera.cpp">
      <Filter>Source Files</Filter>
    </ClCompile>
    <ClCompile Include="ArrowActor.cpp">
      <Filter>Source Files</Filter>
    </ClCompile>
    <ClCompile Include="ArrowMove.cpp">
      <Filter>Source Files</Filter>
    </ClCompile>
    <ClCompile Include="BombActor.cpp">
      <Filter>Source Files</Filter>
    </ClCompile>
    <ClCompile Include="BombMove.cpp">
      <Filter>Source Files</Filter>
    </ClCompile>
    <ClCompile Include="ExplosionActor.cpp">
      <Filter>Source Files</Filter>
    </ClCompile>
    <ClCompile Include="imgui.cpp">
      <Filter>Source Files</Filter>
    </ClCompile>
    <ClCompile Include="imgui_demo.cpp">
      <Filter>Source Files</Filter>
    </ClCompile>
    <ClCompile Include="imgui_draw.cpp">
      <Filter>Source Files</Filter>
    </ClCompile>
    <ClCompile Include="imgui_impl_opengl3.cpp">
      <Filter>Source Files</Filter>
    </ClCompile>
    <ClCompile Include="imgui_impl_sdl2.cpp">
      <Filter>Source Files</Filter>
    </ClCompile>
    <ClCompile Include="imgui_tables.cpp">
      <Filter>Source Files</Filter>
    </ClCompile>
    <ClCompile Include="imgui_widgets.cpp">
      <Filter>Source Files</Filter>
    </ClCompile>
    <ClCompile Include="imguiLayer.cpp">
      <Filter>Source Files</Filter>
    </ClCompile>
    <ClCompile Include="SwordActor.cpp">
      <Filter>Source Files</Filter>
    </ClCompile>
    <ClCompile Include="BowActor.cpp">
      <Filter>Source Files</Filter>
    </ClCompile>
  </ItemGroup>
  <ItemGroup>
    <ClInclude Include="Actor.h">
      <Filter>Source Files</Filter>
    </ClInclude>
    <ClInclude Include="Animation.h">
      <Filter>Source Files</Filter>
    </ClInclude>
    <ClInclude Include="AudioComponent.h">
      <Filter>Source Files</Filter>
    </ClInclude>
    <ClInclude Include="AudioSystem.h">
      <Filter>Source Files</Filter>
    </ClInclude>
    <ClInclude Include="BoneTransform.h">
      <Filter>Source Files</Filter>
    </ClInclude>
    <ClInclude Include="BossActor.h">
      <Filter>Source Files</Filter>
    </ClInclude>
    <ClInclude Include="BoxComponent.h">
      <Filter>Source Files</Filter>
    </ClInclude>
    <ClInclude Include="CameraComponent.h">
      <Filter>Source Files</Filter>
    </ClInclude>
    <ClInclude Include="Collision.h">
      <Filter>Source Files</Filter>
    </ClInclude>
    <ClInclude Include="Component.h">
      <Filter>Source Files</Filter>
    </ClInclude>
    <ClInclude Include="DialogBox.h">
      <Filter>Source Files</Filter>
    </ClInclude>
    <ClInclude Include="EnemyActor.h">
      <Filter>Source Files</Filter>
    </ClInclude>
    <ClInclude Include="FollowActor.h">
      <Filter>Source Files</Filter>
    </ClInclude>
    <ClInclude Include="FollowCamera.h">
      <Filter>Source Files</Filter>
    </ClInclude>
    <ClInclude Include="Font.h">
      <Filter>Source Files</Filter>
    </ClInclude>
    <ClInclude Include="Game.h">
      <Filter>Source Files</Filter>
    </ClInclude>
    <ClInclude Include="GameClear.h">
      <Filter>Source Files</Filter>
    </ClInclude>
    <ClInclude Include="GameOver.h">
      <Filter>Source Files</Filter>
    </ClInclude>
    <ClInclude Include="GBuffer.h">
      <Filter>Source Files</Filter>
    </ClInclude>
    <ClInclude Include="HUD.h">
      <Filter>Source Files</Filter>
    </ClInclude>
    <ClInclude Include="LevelLoader.h">
      <Filter>Source Files</Filter>
    </ClInclude>
    <ClInclude Include="MainmenuUI.h">
      <Filter>Source Files</Filter>
    </ClInclude>
    <ClInclude Include="Math.h">
      <Filter>Source Files</Filter>
    </ClInclude>
    <ClInclude Include="MatrixPalette.h">
      <Filter>Source Files</Filter>
    </ClInclude>
    <ClInclude Include="Mesh.h">
      <Filter>Source Files</Filter>
    </ClInclude>
    <ClInclude Include="MeshComponent.h">
      <Filter>Source Files</Filter>
    </ClInclude>
    <ClInclude Include="MoveComponent.h">
      <Filter>Source Files</Filter>
    </ClInclude>
    <ClInclude Include="PauseMenu.h">
      <Filter>Source Files</Filter>
    </ClInclude>
    <ClInclude Include="PhysWorld.h">
      <Filter>Source Files</Filter>
    </ClInclude>
    <ClInclude Include="PlaneActor.h">
      <Filter>Source Files</Filter>
    </ClInclude>
    <ClInclude Include="PointLightComponent.h">
      <Filter>Source Files</Filter>
    </ClInclude>
    <ClInclude Include="Random.h">
      <Filter>Source Files</Filter>
    </ClInclude>
    <ClInclude Include="ReactActor.h">
      <Filter>Source Files</Filter>
    </ClInclude>
    <ClInclude Include="Renderer.h">
      <Filter>Source Files</Filter>
    </ClInclude>
    <ClInclude Include="Shader.h">
      <Filter>Source Files</Filter>
    </ClInclude>
    <ClInclude Include="SkeletalMeshComponent.h">
      <Filter>Source Files</Filter>
    </ClInclude>
    <ClInclude Include="Skeleton.h">
      <Filter>Source Files</Filter>
    </ClInclude>
    <ClInclude Include="SoundEvent.h">
      <Filter>Source Files</Filter>
    </ClInclude>
    <ClInclude Include="SpriteComponent.h">
      <Filter>Source Files</Filter>
    </ClInclude>
    <ClInclude Include="TargetComponent.h">
      <Filter>Source Files</Filter>
    </ClInclude>
    <ClInclude Include="Texture.h">
      <Filter>Source Files</Filter>
    </ClInclude>
    <ClInclude Include="UIScreen.h">
      <Filter>Source Files</Filter>
    </ClInclude>
    <ClInclude Include="VertexArray.h">
      <Filter>Source Files</Filter>
    </ClInclude>
    <ClInclude Include="SmokeActor.h">
      <Filter>Source Files</Filter>
    </ClInclude>
    <ClInclude Include="ItemMenu.h">
      <Filter>Source Files</Filter>
    </ClInclude>
    <ClInclude Include="DropItemActor.h">
      <Filter>Source Files</Filter>
    </ClInclude>
    <ClInclude Include="TorchItemActor.h">
      <Filter>Source Files</Filter>
    </ClInclude>
    <ClInclude Include="FPSCamera.h">
      <Filter>Source Files</Filter>
    </ClInclude>
    <ClInclude Include="ArrowActor.h">
      <Filter>Source Files</Filter>
    </ClInclude>
    <ClInclude Include="ArrowMove.h">
      <Filter>Source Files</Filter>
    </ClInclude>
    <ClInclude Include="BombActor.h">
      <Filter>Source Files</Filter>
    </ClInclude>
    <ClInclude Include="BombMove.h">
      <Filter>Source Files</Filter>
    </ClInclude>
    <ClInclude Include="ExplosionActor.h">
      <Filter>Source Files</Filter>
    </ClInclude>
    <ClInclude Include="imconfig.h">
      <Filter>Source Files</Filter>
    </ClInclude>
    <ClInclude Include="imgui.h">
      <Filter>Source Files</Filter>
    </ClInclude>
    <ClInclude Include="imgui_impl_opengl3.h">
      <Filter>Source Files</Filter>
    </ClInclude>
    <ClInclude Include="imgui_impl_sdl2.h">
      <Filter>Source Files</Filter>
    </ClInclude>
    <ClInclude Include="imgui_internal.h">
      <Filter>Source Files</Filter>
    </ClInclude>
    <ClInclude Include="imstb_rectpack.h">
      <Filter>Source Files</Filter>
    </ClInclude>
    <ClInclude Include="imstb_textedit.h">
      <Filter>Source Files</Filter>
    </ClInclude>
    <ClInclude Include="imstb_truetype.h">
      <Filter>Source Files</Filter>
    </ClInclude>
    <ClInclude Include="imguiLayer.h">
      <Filter>Source Files</Filter>
    </ClInclude>
    <ClInclude Include="SwordActor.h" />
    <ClInclude Include="BowActor.h" />
  </ItemGroup>
</Project>